// !$*UTF8*$!
{
	archiveVersion = 1;
	classes = {
	};
	objectVersion = 51;
	objects = {

/* Begin PBXBuildFile section */
		69A1282722F925FC001559A2 /* AppDelegate.m in Sources */ = {isa = PBXBuildFile; fileRef = 69A1282622F925FC001559A2 /* AppDelegate.m */; };
		69A1282A22F925FC001559A2 /* ViewController.m in Sources */ = {isa = PBXBuildFile; fileRef = 69A1282922F925FC001559A2 /* ViewController.m */; };
		69A1282D22F925FC001559A2 /* Main.storyboard in Resources */ = {isa = PBXBuildFile; fileRef = 69A1282B22F925FC001559A2 /* Main.storyboard */; };
		69A1282F22F925FE001559A2 /* Assets.xcassets in Resources */ = {isa = PBXBuildFile; fileRef = 69A1282E22F925FE001559A2 /* Assets.xcassets */; };
		69A1283222F925FE001559A2 /* LaunchScreen.storyboard in Resources */ = {isa = PBXBuildFile; fileRef = 69A1283022F925FE001559A2 /* LaunchScreen.storyboard */; };
		69A1283522F925FE001559A2 /* main.m in Sources */ = {isa = PBXBuildFile; fileRef = 69A1283422F925FE001559A2 /* main.m */; };
		69A1284622F9267E001559A2 /* Demo2ViewController.swift in Sources */ = {isa = PBXBuildFile; fileRef = 69A1283E22F9267E001559A2 /* Demo2ViewController.swift */; };
		69A1284722F9267E001559A2 /* SPTConstraintViewController.xib in Resources */ = {isa = PBXBuildFile; fileRef = 69A1284122F9267E001559A2 /* SPTConstraintViewController.xib */; };
		69A1284822F9267E001559A2 /* SPTConstraintViewController.m in Sources */ = {isa = PBXBuildFile; fileRef = 69A1284222F9267E001559A2 /* SPTConstraintViewController.m */; };
		69A1284922F9267E001559A2 /* Demo0ViewController.m in Sources */ = {isa = PBXBuildFile; fileRef = 69A1284422F9267E001559A2 /* Demo0ViewController.m */; };
		920CECFFF45482FB378F7DC2 /* Pods_Demo.framework in Frameworks */ = {isa = PBXBuildFile; fileRef = B0DC62D18C4A72EB96F632A4 /* Pods_Demo.framework */; };
/* End PBXBuildFile section */

/* Begin PBXFileReference section */
		2F97BD469187DD58DA608594 /* Pods-Demo.debug.xcconfig */ = {isa = PBXFileReference; includeInIndex = 1; lastKnownFileType = text.xcconfig; name = "Pods-Demo.debug.xcconfig"; path = "Target Support Files/Pods-Demo/Pods-Demo.debug.xcconfig"; sourceTree = "<group>"; };
		69A1282222F925FC001559A2 /* Demo.app */ = {isa = PBXFileReference; explicitFileType = wrapper.application; includeInIndex = 0; path = Demo.app; sourceTree = BUILT_PRODUCTS_DIR; };
		69A1282522F925FC001559A2 /* AppDelegate.h */ = {isa = PBXFileReference; lastKnownFileType = sourcecode.c.h; path = AppDelegate.h; sourceTree = "<group>"; };
		69A1282622F925FC001559A2 /* AppDelegate.m */ = {isa = PBXFileReference; lastKnownFileType = sourcecode.c.objc; path = AppDelegate.m; sourceTree = "<group>"; };
		69A1282822F925FC001559A2 /* ViewController.h */ = {isa = PBXFileReference; lastKnownFileType = sourcecode.c.h; path = ViewController.h; sourceTree = "<group>"; };
		69A1282922F925FC001559A2 /* ViewController.m */ = {isa = PBXFileReference; lastKnownFileType = sourcecode.c.objc; path = ViewController.m; sourceTree = "<group>"; };
		69A1282C22F925FC001559A2 /* Base */ = {isa = PBXFileReference; lastKnownFileType = file.storyboard; name = Base; path = Base.lproj/Main.storyboard; sourceTree = "<group>"; };
		69A1282E22F925FE001559A2 /* Assets.xcassets */ = {isa = PBXFileReference; lastKnownFileType = folder.assetcatalog; path = Assets.xcassets; sourceTree = "<group>"; };
		69A1283122F925FE001559A2 /* Base */ = {isa = PBXFileReference; lastKnownFileType = file.storyboard; name = Base; path = Base.lproj/LaunchScreen.storyboard; sourceTree = "<group>"; };
		69A1283322F925FE001559A2 /* Info.plist */ = {isa = PBXFileReference; lastKnownFileType = text.plist.xml; path = Info.plist; sourceTree = "<group>"; };
		69A1283422F925FE001559A2 /* main.m */ = {isa = PBXFileReference; lastKnownFileType = sourcecode.c.objc; path = main.m; sourceTree = "<group>"; };
		69A1283D22F9267E001559A2 /* JDLayout-Bridging-Header.h */ = {isa = PBXFileReference; fileEncoding = 4; lastKnownFileType = sourcecode.c.h; path = "JDLayout-Bridging-Header.h"; sourceTree = "<group>"; };
		69A1283E22F9267E001559A2 /* Demo2ViewController.swift */ = {isa = PBXFileReference; fileEncoding = 4; lastKnownFileType = sourcecode.swift; path = Demo2ViewController.swift; sourceTree = "<group>"; };
		69A1284022F9267E001559A2 /* SPTConstraintViewController.h */ = {isa = PBXFileReference; fileEncoding = 4; lastKnownFileType = sourcecode.c.h; path = SPTConstraintViewController.h; sourceTree = "<group>"; };
		69A1284122F9267E001559A2 /* SPTConstraintViewController.xib */ = {isa = PBXFileReference; fileEncoding = 4; lastKnownFileType = file.xib; path = SPTConstraintViewController.xib; sourceTree = "<group>"; };
		69A1284222F9267E001559A2 /* SPTConstraintViewController.m */ = {isa = PBXFileReference; fileEncoding = 4; lastKnownFileType = sourcecode.c.objc; path = SPTConstraintViewController.m; sourceTree = "<group>"; };
		69A1284422F9267E001559A2 /* Demo0ViewController.m */ = {isa = PBXFileReference; fileEncoding = 4; lastKnownFileType = sourcecode.c.objc; path = Demo0ViewController.m; sourceTree = "<group>"; };
		69A1284522F9267E001559A2 /* Demo0ViewController.h */ = {isa = PBXFileReference; fileEncoding = 4; lastKnownFileType = sourcecode.c.h; path = Demo0ViewController.h; sourceTree = "<group>"; };
		B0DC62D18C4A72EB96F632A4 /* Pods_Demo.framework */ = {isa = PBXFileReference; explicitFileType = wrapper.framework; includeInIndex = 0; path = Pods_Demo.framework; sourceTree = BUILT_PRODUCTS_DIR; };
		CBC514B21738BBA10903C290 /* Pods-Demo.release.xcconfig */ = {isa = PBXFileReference; includeInIndex = 1; lastKnownFileType = text.xcconfig; name = "Pods-Demo.release.xcconfig"; path = "Target Support Files/Pods-Demo/Pods-Demo.release.xcconfig"; sourceTree = "<group>"; };
/* End PBXFileReference section */

/* Begin PBXFrameworksBuildPhase section */
		69A1281F22F925FC001559A2 /* Frameworks */ = {
			isa = PBXFrameworksBuildPhase;
			buildActionMask = 2147483647;
			files = (
				920CECFFF45482FB378F7DC2 /* Pods_Demo.framework in Frameworks */,
			);
			runOnlyForDeploymentPostprocessing = 0;
		};
/* End PBXFrameworksBuildPhase section */

/* Begin PBXGroup section */
		312B3095BBF8812B51935173 /* Frameworks */ = {
			isa = PBXGroup;
			children = (
				B0DC62D18C4A72EB96F632A4 /* Pods_Demo.framework */,
			);
			name = Frameworks;
			sourceTree = "<group>";
		};
		69A1281922F925FC001559A2 = {
			isa = PBXGroup;
			children = (
				69A1282422F925FC001559A2 /* Demo */,
				69A1282322F925FC001559A2 /* Products */,
				CBBA4D8EFCB2B3350B23A500 /* Pods */,
				312B3095BBF8812B51935173 /* Frameworks */,
			);
			sourceTree = "<group>";
		};
		69A1282322F925FC001559A2 /* Products */ = {
			isa = PBXGroup;
			children = (
				69A1282222F925FC001559A2 /* Demo.app */,
			);
			name = Products;
			sourceTree = "<group>";
		};
		69A1282422F925FC001559A2 /* Demo */ = {
			isa = PBXGroup;
			children = (
				69A1283B22F9267E001559A2 /* Demo */,
				69A1282522F925FC001559A2 /* AppDelegate.h */,
				69A1282622F925FC001559A2 /* AppDelegate.m */,
				69A1282822F925FC001559A2 /* ViewController.h */,
				69A1282922F925FC001559A2 /* ViewController.m */,
				69A1282B22F925FC001559A2 /* Main.storyboard */,
				69A1282E22F925FE001559A2 /* Assets.xcassets */,
				69A1283022F925FE001559A2 /* LaunchScreen.storyboard */,
				69A1283322F925FE001559A2 /* Info.plist */,
				69A1283422F925FE001559A2 /* main.m */,
			);
			path = Demo;
			sourceTree = "<group>";
		};
		69A1283B22F9267E001559A2 /* Demo */ = {
			isa = PBXGroup;
			children = (
				69A1283C22F9267E001559A2 /* Demo2 */,
				69A1283F22F9267E001559A2 /* Demo1 */,
				69A1284322F9267E001559A2 /* Demo0 */,
			);
			path = Demo;
			sourceTree = "<group>";
		};
		69A1283C22F9267E001559A2 /* Demo2 */ = {
			isa = PBXGroup;
			children = (
				69A1283D22F9267E001559A2 /* JDLayout-Bridging-Header.h */,
				69A1283E22F9267E001559A2 /* Demo2ViewController.swift */,
			);
			path = Demo2;
			sourceTree = "<group>";
		};
		69A1283F22F9267E001559A2 /* Demo1 */ = {
			isa = PBXGroup;
			children = (
				69A1284022F9267E001559A2 /* SPTConstraintViewController.h */,
				69A1284222F9267E001559A2 /* SPTConstraintViewController.m */,
				69A1284122F9267E001559A2 /* SPTConstraintViewController.xib */,
			);
			path = Demo1;
			sourceTree = "<group>";
		};
		69A1284322F9267E001559A2 /* Demo0 */ = {
			isa = PBXGroup;
			children = (
				69A1284522F9267E001559A2 /* Demo0ViewController.h */,
				69A1284422F9267E001559A2 /* Demo0ViewController.m */,
			);
			path = Demo0;
			sourceTree = "<group>";
		};
		CBBA4D8EFCB2B3350B23A500 /* Pods */ = {
			isa = PBXGroup;
			children = (
				2F97BD469187DD58DA608594 /* Pods-Demo.debug.xcconfig */,
				CBC514B21738BBA10903C290 /* Pods-Demo.release.xcconfig */,
			);
			path = Pods;
			sourceTree = "<group>";
		};
/* End PBXGroup section */

/* Begin PBXNativeTarget section */
		69A1282122F925FC001559A2 /* Demo */ = {
			isa = PBXNativeTarget;
			buildConfigurationList = 69A1283822F925FE001559A2 /* Build configuration list for PBXNativeTarget "Demo" */;
			buildPhases = (
				A05D1226E649B0B3825F90A6 /* [CP] Check Pods Manifest.lock */,
				69A1281E22F925FC001559A2 /* Sources */,
				69A1281F22F925FC001559A2 /* Frameworks */,
				69A1282022F925FC001559A2 /* Resources */,
				D4C785FE43F5882A8B7279BC /* [CP] Embed Pods Frameworks */,
			);
			buildRules = (
			);
			dependencies = (
			);
			name = Demo;
			productName = Demo;
			productReference = 69A1282222F925FC001559A2 /* Demo.app */;
			productType = "com.apple.product-type.application";
		};
/* End PBXNativeTarget section */

/* Begin PBXProject section */
		69A1281A22F925FC001559A2 /* Project object */ = {
			isa = PBXProject;
			attributes = {
				LastUpgradeCheck = 1030;
				ORGANIZATIONNAME = JD;
				TargetAttributes = {
					69A1282122F925FC001559A2 = {
						CreatedOnToolsVersion = 10.3;
					};
				};
			};
			buildConfigurationList = 69A1281D22F925FC001559A2 /* Build configuration list for PBXProject "Demo" */;
			compatibilityVersion = "Xcode 9.3";
			developmentRegion = en;
			hasScannedForEncodings = 0;
			knownRegions = (
				en,
				Base,
			);
			mainGroup = 69A1281922F925FC001559A2;
			productRefGroup = 69A1282322F925FC001559A2 /* Products */;
			projectDirPath = "";
			projectRoot = "";
			targets = (
				69A1282122F925FC001559A2 /* Demo */,
			);
		};
/* End PBXProject section */

/* Begin PBXResourcesBuildPhase section */
		69A1282022F925FC001559A2 /* Resources */ = {
			isa = PBXResourcesBuildPhase;
			buildActionMask = 2147483647;
			files = (
				69A1283222F925FE001559A2 /* LaunchScreen.storyboard in Resources */,
				69A1282F22F925FE001559A2 /* Assets.xcassets in Resources */,
				69A1282D22F925FC001559A2 /* Main.storyboard in Resources */,
				69A1284722F9267E001559A2 /* SPTConstraintViewController.xib in Resources */,
			);
			runOnlyForDeploymentPostprocessing = 0;
		};
/* End PBXResourcesBuildPhase section */

/* Begin PBXShellScriptBuildPhase section */
		A05D1226E649B0B3825F90A6 /* [CP] Check Pods Manifest.lock */ = {
			isa = PBXShellScriptBuildPhase;
			buildActionMask = 2147483647;
			files = (
			);
			inputFileListPaths = (
			);
			inputPaths = (
				"${PODS_PODFILE_DIR_PATH}/Podfile.lock",
				"${PODS_ROOT}/Manifest.lock",
			);
			name = "[CP] Check Pods Manifest.lock";
			outputFileListPaths = (
			);
			outputPaths = (
				"$(DERIVED_FILE_DIR)/Pods-Demo-checkManifestLockResult.txt",
			);
			runOnlyForDeploymentPostprocessing = 0;
			shellPath = /bin/sh;
			shellScript = "diff \"${PODS_PODFILE_DIR_PATH}/Podfile.lock\" \"${PODS_ROOT}/Manifest.lock\" > /dev/null\nif [ $? != 0 ] ; then\n    # print error to STDERR\n    echo \"error: The sandbox is not in sync with the Podfile.lock. Run 'pod install' or update your CocoaPods installation.\" >&2\n    exit 1\nfi\n# This output is used by Xcode 'outputs' to avoid re-running this script phase.\necho \"SUCCESS\" > \"${SCRIPT_OUTPUT_FILE_0}\"\n";
			showEnvVarsInLog = 0;
		};
		D4C785FE43F5882A8B7279BC /* [CP] Embed Pods Frameworks */ = {
			isa = PBXShellScriptBuildPhase;
			buildActionMask = 2147483647;
			files = (
			);
			inputFileListPaths = (
				"${PODS_ROOT}/Target Support Files/Pods-Demo/Pods-Demo-frameworks-${CONFIGURATION}-input-files.xcfilelist",
			);
			name = "[CP] Embed Pods Frameworks";
			outputFileListPaths = (
				"${PODS_ROOT}/Target Support Files/Pods-Demo/Pods-Demo-frameworks-${CONFIGURATION}-output-files.xcfilelist",
			);
			runOnlyForDeploymentPostprocessing = 0;
			shellPath = /bin/sh;
			shellScript = "\"${PODS_ROOT}/Target Support Files/Pods-Demo/Pods-Demo-frameworks.sh\"\n";
			showEnvVarsInLog = 0;
		};
/* End PBXShellScriptBuildPhase section */

/* Begin PBXSourcesBuildPhase section */
		69A1281E22F925FC001559A2 /* Sources */ = {
			isa = PBXSourcesBuildPhase;
			buildActionMask = 2147483647;
			files = (
				69A1282A22F925FC001559A2 /* ViewController.m in Sources */,
				69A1283522F925FE001559A2 /* main.m in Sources */,
				69A1284922F9267E001559A2 /* Demo0ViewController.m in Sources */,
				69A1284822F9267E001559A2 /* SPTConstraintViewController.m in Sources */,
				69A1284622F9267E001559A2 /* Demo2ViewController.swift in Sources */,
				69A1282722F925FC001559A2 /* AppDelegate.m in Sources */,
			);
			runOnlyForDeploymentPostprocessing = 0;
		};
/* End PBXSourcesBuildPhase section */

/* Begin PBXVariantGroup section */
		69A1282B22F925FC001559A2 /* Main.storyboard */ = {
			isa = PBXVariantGroup;
			children = (
				69A1282C22F925FC001559A2 /* Base */,
			);
			name = Main.storyboard;
			sourceTree = "<group>";
		};
		69A1283022F925FE001559A2 /* LaunchScreen.storyboard */ = {
			isa = PBXVariantGroup;
			children = (
				69A1283122F925FE001559A2 /* Base */,
			);
			name = LaunchScreen.storyboard;
			sourceTree = "<group>";
		};
/* End PBXVariantGroup section */

/* Begin XCBuildConfiguration section */
		69A1283622F925FE001559A2 /* Debug */ = {
			isa = XCBuildConfiguration;
			buildSettings = {
				ALWAYS_SEARCH_USER_PATHS = NO;
				CLANG_ANALYZER_NONNULL = YES;
				CLANG_ANALYZER_NUMBER_OBJECT_CONVERSION = YES_AGGRESSIVE;
				CLANG_CXX_LANGUAGE_STANDARD = "gnu++14";
				CLANG_CXX_LIBRARY = "libc++";
				CLANG_ENABLE_MODULES = YES;
				CLANG_ENABLE_OBJC_ARC = YES;
				CLANG_ENABLE_OBJC_WEAK = YES;
				CLANG_WARN_BLOCK_CAPTURE_AUTORELEASING = YES;
				CLANG_WARN_BOOL_CONVERSION = YES;
				CLANG_WARN_COMMA = YES;
				CLANG_WARN_CONSTANT_CONVERSION = YES;
				CLANG_WARN_DEPRECATED_OBJC_IMPLEMENTATIONS = YES;
				CLANG_WARN_DIRECT_OBJC_ISA_USAGE = YES_ERROR;
				CLANG_WARN_DOCUMENTATION_COMMENTS = YES;
				CLANG_WARN_EMPTY_BODY = YES;
				CLANG_WARN_ENUM_CONVERSION = YES;
				CLANG_WARN_INFINITE_RECURSION = YES;
				CLANG_WARN_INT_CONVERSION = YES;
				CLANG_WARN_NON_LITERAL_NULL_CONVERSION = YES;
				CLANG_WARN_OBJC_IMPLICIT_RETAIN_SELF = YES;
				CLANG_WARN_OBJC_LITERAL_CONVERSION = YES;
				CLANG_WARN_OBJC_ROOT_CLASS = YES_ERROR;
				CLANG_WARN_RANGE_LOOP_ANALYSIS = YES;
				CLANG_WARN_STRICT_PROTOTYPES = YES;
				CLANG_WARN_SUSPICIOUS_MOVE = YES;
				CLANG_WARN_UNGUARDED_AVAILABILITY = YES_AGGRESSIVE;
				CLANG_WARN_UNREACHABLE_CODE = YES;
				CLANG_WARN__DUPLICATE_METHOD_MATCH = YES;
				CODE_SIGN_IDENTITY = "iPhone Developer";
				COPY_PHASE_STRIP = NO;
				DEBUG_INFORMATION_FORMAT = dwarf;
				ENABLE_STRICT_OBJC_MSGSEND = YES;
				ENABLE_TESTABILITY = YES;
				GCC_C_LANGUAGE_STANDARD = gnu11;
				GCC_DYNAMIC_NO_PIC = NO;
				GCC_NO_COMMON_BLOCKS = YES;
				GCC_OPTIMIZATION_LEVEL = 0;
				GCC_PREPROCESSOR_DEFINITIONS = (
					"DEBUG=1",
					"$(inherited)",
				);
				GCC_WARN_64_TO_32_BIT_CONVERSION = YES;
				GCC_WARN_ABOUT_RETURN_TYPE = YES_ERROR;
				GCC_WARN_UNDECLARED_SELECTOR = YES;
				GCC_WARN_UNINITIALIZED_AUTOS = YES_AGGRESSIVE;
				GCC_WARN_UNUSED_FUNCTION = YES;
				GCC_WARN_UNUSED_VARIABLE = YES;
				IPHONEOS_DEPLOYMENT_TARGET = 12.4;
				MTL_ENABLE_DEBUG_INFO = INCLUDE_SOURCE;
				MTL_FAST_MATH = YES;
				ONLY_ACTIVE_ARCH = YES;
				SDKROOT = iphoneos;
			};
			name = Debug;
		};
		69A1283722F925FE001559A2 /* Release */ = {
			isa = XCBuildConfiguration;
			buildSettings = {
				ALWAYS_SEARCH_USER_PATHS = NO;
				CLANG_ANALYZER_NONNULL = YES;
				CLANG_ANALYZER_NUMBER_OBJECT_CONVERSION = YES_AGGRESSIVE;
				CLANG_CXX_LANGUAGE_STANDARD = "gnu++14";
				CLANG_CXX_LIBRARY = "libc++";
				CLANG_ENABLE_MODULES = YES;
				CLANG_ENABLE_OBJC_ARC = YES;
				CLANG_ENABLE_OBJC_WEAK = YES;
				CLANG_WARN_BLOCK_CAPTURE_AUTORELEASING = YES;
				CLANG_WARN_BOOL_CONVERSION = YES;
				CLANG_WARN_COMMA = YES;
				CLANG_WARN_CONSTANT_CONVERSION = YES;
				CLANG_WARN_DEPRECATED_OBJC_IMPLEMENTATIONS = YES;
				CLANG_WARN_DIRECT_OBJC_ISA_USAGE = YES_ERROR;
				CLANG_WARN_DOCUMENTATION_COMMENTS = YES;
				CLANG_WARN_EMPTY_BODY = YES;
				CLANG_WARN_ENUM_CONVERSION = YES;
				CLANG_WARN_INFINITE_RECURSION = YES;
				CLANG_WARN_INT_CONVERSION = YES;
				CLANG_WARN_NON_LITERAL_NULL_CONVERSION = YES;
				CLANG_WARN_OBJC_IMPLICIT_RETAIN_SELF = YES;
				CLANG_WARN_OBJC_LITERAL_CONVERSION = YES;
				CLANG_WARN_OBJC_ROOT_CLASS = YES_ERROR;
				CLANG_WARN_RANGE_LOOP_ANALYSIS = YES;
				CLANG_WARN_STRICT_PROTOTYPES = YES;
				CLANG_WARN_SUSPICIOUS_MOVE = YES;
				CLANG_WARN_UNGUARDED_AVAILABILITY = YES_AGGRESSIVE;
				CLANG_WARN_UNREACHABLE_CODE = YES;
				CLANG_WARN__DUPLICATE_METHOD_MATCH = YES;
				CODE_SIGN_IDENTITY = "iPhone Developer";
				COPY_PHASE_STRIP = NO;
				DEBUG_INFORMATION_FORMAT = "dwarf-with-dsym";
				ENABLE_NS_ASSERTIONS = NO;
				ENABLE_STRICT_OBJC_MSGSEND = YES;
				GCC_C_LANGUAGE_STANDARD = gnu11;
				GCC_NO_COMMON_BLOCKS = YES;
				GCC_WARN_64_TO_32_BIT_CONVERSION = YES;
				GCC_WARN_ABOUT_RETURN_TYPE = YES_ERROR;
				GCC_WARN_UNDECLARED_SELECTOR = YES;
				GCC_WARN_UNINITIALIZED_AUTOS = YES_AGGRESSIVE;
				GCC_WARN_UNUSED_FUNCTION = YES;
				GCC_WARN_UNUSED_VARIABLE = YES;
				IPHONEOS_DEPLOYMENT_TARGET = 12.4;
				MTL_ENABLE_DEBUG_INFO = NO;
				MTL_FAST_MATH = YES;
				SDKROOT = iphoneos;
				VALIDATE_PRODUCT = YES;
			};
			name = Release;
		};
		69A1283922F925FE001559A2 /* Debug */ = {
			isa = XCBuildConfiguration;
			baseConfigurationReference = 2F97BD469187DD58DA608594 /* Pods-Demo.debug.xcconfig */;
			buildSettings = {
				ASSETCATALOG_COMPILER_APPICON_NAME = AppIcon;
				CODE_SIGN_STYLE = Automatic;
				INFOPLIST_FILE = Demo/Info.plist;
				LD_RUNPATH_SEARCH_PATHS = (
					"$(inherited)",
					"@executable_path/Frameworks",
				);
				PRODUCT_BUNDLE_IDENTIFIER = com.app.Demo;
				PRODUCT_NAME = "$(TARGET_NAME)";
				SWIFT_VERSION = 5.0;
				TARGETED_DEVICE_FAMILY = "1,2";
			};
			name = Debug;
		};
		69A1283A22F925FE001559A2 /* Release */ = {
			isa = XCBuildConfiguration;
			baseConfigurationReference = CBC514B21738BBA10903C290 /* Pods-Demo.release.xcconfig */;
			buildSettings = {
				ASSETCATALOG_COMPILER_APPICON_NAME = AppIcon;
				CODE_SIGN_STYLE = Automatic;
				INFOPLIST_FILE = Demo/Info.plist;
				LD_RUNPATH_SEARCH_PATHS = (
					"$(inherited)",
					"@executable_path/Frameworks",
				);
				PRODUCT_BUNDLE_IDENTIFIER = com.app.Demo;
				PRODUCT_NAME = "$(TARGET_NAME)";
				SWIFT_VERSION = 5.0;
				TARGETED_DEVICE_FAMILY = "1,2";
			};
			name = Release;
		};
/* End XCBuildConfiguration section */

/* Begin XCConfigurationList section */
		69A1281D22F925FC001559A2 /* Build configuration list for PBXProject "Demo" */ = {
			isa = XCConfigurationList;
			buildConfigurations = (
				69A1283622F925FE001559A2 /* Debug */,
				69A1283722F925FE001559A2 /* Release */,
			);
			defaultConfigurationIsVisible = 0;
			defaultConfigurationName = Release;
		};
		69A1283822F925FE001559A2 /* Build configuration list for PBXNativeTarget "Demo" */ = {
			isa = XCConfigurationList;
			buildConfigurations = (
				69A1283922F925FE001559A2 /* Debug */,
				69A1283A22F925FE001559A2 /* Release */,
			);
			defaultConfigurationIsVisible = 0;
			defaultConfigurationName = Release;
		};
/* End XCConfigurationList section */
	};
	rootObject = 69A1281A22F925FC001559A2 /* Project object */;
}
